<?xml version="1.0" encoding="utf-8"?>
<Project ToolsVersion="4.0" xmlns="http://schemas.microsoft.com/developer/msbuild/2003">
  <ItemGroup>
    <Filter Include="Quelldateien">
      <UniqueIdentifier>{4FC737F1-C7A5-4376-A066-2A32D752A2FF}</UniqueIdentifier>
      <Extensions>cpp;c;cc;cxx;def;odl;idl;hpj;bat;asm;asmx</Extensions>
    </Filter>
    <Filter Include="Headerdateien">
      <UniqueIdentifier>{93995380-89BD-4b04-88EB-625FBE52EBFB}</UniqueIdentifier>
      <Extensions>h;hh;hpp;hxx;hm;inl;inc;xsd</Extensions>
    </Filter>
    <Filter Include="Ressourcendateien">
      <UniqueIdentifier>{67DA6AB6-F800-4c08-8B7A-83BB121AAD01}</UniqueIdentifier>
      <Extensions>rc;ico;cur;bmp;dlg;rc2;rct;bin;rgs;gif;jpg;jpeg;jpe;resx;tiff;tif;png;wav;mfcribbon-ms</Extensions>
    </Filter>
  </ItemGroup>
  <ItemGroup>
    <ClCompile Include="Programme\Dreiecke.cpp">
      <Filter>Quelldateien</Filter>
    </ClCompile>
    <ClCompile Include="Programme\LoadShader.cpp">
      <Filter>Quelldateien</Filter>
    </ClCompile>
    <ClCompile Include="Programme\logo.cpp">
      <Filter>Quelldateien</Filter>
    </ClCompile>
    <ClCompile Include="Programme\prakt 2.2.cpp">
      <Filter>Quelldateien</Filter>
    </ClCompile>
    <ClCompile Include="Programme\prakt 2.1.cpp">
      <Filter>Quelldateien</Filter>
    </ClCompile>
    <ClCompile Include="Programme\prakt 3.1.cpp">
      <Filter>Quelldateien</Filter>
    </ClCompile>
    <ClCompile Include="Programme\2FiguresTest.cpp">
      <Filter>Quelldateien</Filter>
    </ClCompile>
    <ClCompile Include="Programme\prakt 4.1.cpp">
      <Filter>Quelldateien</Filter>
    </ClCompile>
    <ClCompile Include="Programme\prakt 5.1.cpp">
      <Filter>Quelldateien</Filter>
    </ClCompile>
    <ClCompile Include="Programme\prakt6.cpp">
      <Filter>Quelldateien</Filter>
    </ClCompile>
    <ClCompile Include="Programme\main.cpp">
      <Filter>Quelldateien</Filter>
    </ClCompile>
  </ItemGroup>
  <ItemGroup>
    <None Include="Programme\Dreiecke.fs">
      <Filter>Ressourcendateien</Filter>
    </None>
    <None Include="Programme\Dreiecke.vs">
      <Filter>Ressourcendateien</Filter>
    </None>
    <None Include="Programme\prakt3.fs">
      <Filter>Ressourcendateien</Filter>
    </None>
    <None Include="Programme\prakt3.vs">
      <Filter>Ressourcendateien</Filter>
    </None>
    <None Include="Programme\prakt4.fs">
      <Filter>Ressourcendateien</Filter>
    </None>
    <None Include="Programme\prakt4.vs">
      <Filter>Ressourcendateien</Filter>
    </None>
    <None Include="Programme\prakt5.fs">
      <Filter>Ressourcendateien</Filter>
    </None>
    <None Include="Programme\prakt5.vs">
      <Filter>Ressourcendateien</Filter>
    </None>
    <None Include="Programme\prakt6.fs">
      <Filter>Ressourcendateien</Filter>
    </None>
    <None Include="Programme\prakt6.vs">
      <Filter>Ressourcendateien</Filter>
    </None>
    <None Include="Programme\main.fs">
      <Filter>Ressourcendateien</Filter>
    </None>
    <None Include="Programme\main.vs">
      <Filter>Ressourcendateien</Filter>
    </None>
  </ItemGroup>
</Project>